
Microsoft Visual Studio Solution File, Format Version 12.00
# Visual Studio Version 16
VisualStudioVersion = 16.0.29709.97
MinimumVisualStudioVersion = 10.0.40219.1
Project("{FAE04EC0-301F-11D3-BF4B-00C04F79EFBC}") = "Flyweight", "Flyweight.csproj", "{B175ADFB-F965-44FC-96BE-8F2828DC4197}"
EndProject
Global
	GlobalSection(SolutionConfigurationPlatforms) = preSolution
		Debug|Any CPU = Debug|Any CPU
		Release|Any CPU = Release|Any CPU
	EndGlobalSection
	GlobalSection(ProjectConfigurationPlatforms) = postSolution
		{B175ADFB-F965-44FC-96BE-8F2828DC4197}.Debug|Any CPU.ActiveCfg = Debug|Any CPU
		{B175ADFB-F965-44FC-96BE-8F2828DC4197}.Debug|Any CPU.Build.0 = Debug|Any CPU
		{B175ADFB-F965-44FC-96BE-8F2828DC4197}.Release|Any CPU.ActiveCfg = Release|Any CPU
		{B175ADFB-F965-44FC-96BE-8F2828DC4197}.Release|Any CPU.Build.0 = Release|Any CPU
	EndGlobalSection
	GlobalSection(SolutionProperties) = preSolution
		HideSolutionNode = FALSE
	EndGlobalSection
	GlobalSection(ExtensibilityGlobals) = postSolution
		SolutionGuid = {B95255C5-757E-4530-B05B-0A4E8AA3003A}
	EndGlobalSection
EndGlobal
